
Microsoft Visual Studio Solution File, Format Version 12.00
# Visual Studio Version 17
VisualStudioVersion = 17.12.35728.132
MinimumVisualStudioVersion = 10.0.40219.1
Project("{FAE04EC0-301F-11D3-BF4B-00C04F79EFBC}") = "AccountLib", "AccountLib\AccountLib.csproj", "{AABB5D4C-08BC-42FE-8712-D27FECFD93E3}"
EndProject
Project("{FAE04EC0-301F-11D3-BF4B-00C04F79EFBC}") = "AccountApp", "AccountApp\AccountApp.csproj", "{3E54B866-00A1-45FE-8B1C-88E8813ECD7A}"
EndProject
Global
	GlobalSection(SolutionConfigurationPlatforms) = preSolution
		Debug|Any CPU = Debug|Any CPU
		Release|Any CPU = Release|Any CPU
	EndGlobalSection
	GlobalSection(ProjectConfigurationPlatforms) = postSolution
		{AABB5D4C-08BC-42FE-8712-D27FECFD93E3}.Debug|Any CPU.ActiveCfg = Debug|Any CPU
		{AABB5D4C-08BC-42FE-8712-D27FECFD93E3}.Debug|Any CPU.Build.0 = Debug|Any CPU
		{AABB5D4C-08BC-42FE-8712-D27FECFD93E3}.Release|Any CPU.ActiveCfg = Release|Any CPU
		{AABB5D4C-08BC-42FE-8712-D27FECFD93E3}.Release|Any CPU.Build.0 = Release|Any CPU
		{3E54B866-00A1-45FE-8B1C-88E8813ECD7A}.Debug|Any CPU.ActiveCfg = Debug|Any CPU
		{3E54B866-00A1-45FE-8B1C-88E8813ECD7A}.Debug|Any CPU.Build.0 = Debug|Any CPU
		{3E54B866-00A1-45FE-8B1C-88E8813ECD7A}.Release|Any CPU.ActiveCfg = Release|Any CPU
		{3E54B866-00A1-45FE-8B1C-88E8813ECD7A}.Release|Any CPU.Build.0 = Release|Any CPU
	EndGlobalSection
	GlobalSection(SolutionProperties) = preSolution
		HideSolutionNode = FALSE
	EndGlobalSection
EndGlobal
